{
    "_readme": [
        "This file locks the dependencies of your project to a known state",
        "Read more about it at http://getcomposer.org/doc/01-basic-usage.md#composer-lock-the-lock-file"
    ],
    "hash": "941c6e80eb0b76a081b78cf8c1cde1d5",
    "packages": [
        {
            "name": "wikimart/merchant-api-client",
            "version": "1.1.0",
            "source": {
                "type": "git",
                "url": "https://github.com/wikimart/merchant-api-client.git",
                "reference": "e9f723e5fa0eb2dbf59a76fce7f782f2718e7fc4"
            },
            "dist": {
                "type": "zip",
                "url": "https://api.github.com/repos/wikimart/merchant-api-client/zipball/e9f723e5fa0eb2dbf59a76fce7f782f2718e7fc4",
                "reference": "e9f723e5fa0eb2dbf59a76fce7f782f2718e7fc4",
                "shasum": ""
            },
            "require": {
                "php": ">=5.3.2"
            },
            "type": "library",
            "autoload": {
                "psr-0": {
                    "Wikimart": "src/"
                }
            },
            "notification-url": "https://packagist.org/downloads/",
            "license": [
                "MIT"
            ],
            "authors": [
                {
                    "name": "Mike Kabischev",
                    "email": "kabischev.michail@wikimart.ru",
                    "role": "Developer"
                },
                {
                    "name": "Vadim Petrov",
                    "email": "vadim.petrov@wikimart.ru",
                    "role": "Developer"
                },
                {
                    "name": "Vitaliy Tolmachev",
                    "email": "vitaliy.tolmachev@wikimart.ru",
                    "role": "Developer"
                },
                {
                    "name": "Alexander Kazakov",
                    "email": "aleksandr.kazakov@wikimart.ru",
                    "role": "QA engineer"
                }
            ],
            "description": "Wikimart merchant API client",
            "homepage": "http://merchant.wikimart.ru/api/1.0/doc",
            "keywords": [
                "api",
                "merchant",
                "wikimart"
            ],
            "time": "2013-08-06 11:21:51"
        }
    ],
    "packages-dev": [

    ],
    "aliases": [

    ],
    "minimum-stability": "stable",
    "stability-flags": [

    ],
    "platform": [

    ],
    "platform-dev": [

    ]
}
